{
  "name": "hardened-pipeline-example",
  "version": "1.0.0",
  "lockfileVersion": 3,
  "requires": true,
  "packages": {
    "": {
      "name": "hardened-pipeline-example",
      "version": "1.0.0",
      "dependencies": {
        "@tanstack/react-router": "1.169.5"
      }
    },
    "node_modules/@tanstack/history": {
      "version": "1.162.3",
      "resolved": "https://registry.npmjs.org/@tanstack/history/-/history-1.162.3.tgz",
      "integrity": "sha512-zZTDxZxdDxZudHXGp42d221R/sEKoQPbZsW2ezpdWknHpOmJVLyiljW21pdWtKXfMnLq+Kg5VJpVBwOe18+ZzQ==",
      "license": "MIT",
      "engines": {
        "node": ">=20.19"
      },
      "funding": {
        "type": "github",
        "url": "https://github.com/sponsors/tannerlinsley"
      }
    },
    "node_modules/@tanstack/react-router": {
      "version": "1.169.5",
      "resolved": "https://registry.npmjs.org/@tanstack/react-router/-/react-router-1.169.5.tgz",
      "integrity": "sha512-MiqKL692aSOFsbtEts5eFjfCixxrej+ko+gA2Y85gmWdxolgtfcBPOdJ6tMSi/zFePqwwPLo+CVSUWu/qXu8LQ==",
      "license": "MIT",
      "dependencies": {
        "@tanstack/history": "1.162.3",
        "@tanstack/react-store": "^0.11.0",
        "@tanstack/router-core": "1.169.5",
        "isbot": "^5.1.22"
      },
      "engines": {
        "node": ">=20.19"
      },
      "funding": {
        "type": "github",
        "url": "https://github.com/sponsors/tannerlinsley"
      },
      "peerDependencies": {
        "react": ">=18.0.0 || >=19.0.0",
        "react-dom": ">=18.0.0 || >=19.0.0"
      }
    },
    "node_modules/@tanstack/react-store": {
      "version": "0.11.1",
      "resolved": "https://registry.npmjs.org/@tanstack/react-store/-/react-store-0.11.1.tgz",
      "integrity": "sha512-HaIGKI3YLmjBYIvy5DFDY23oNaYZIsTZfngey07Uh5iLVJgM3bIGCnZeOFOqzjFld9JHWcaHJnasD/bKoGKwJQ==",
      "license": "MIT",
      "dependencies": {
        "@tanstack/store": "0.11.1",
        "use-sync-external-store": "^1.6.0"
      },
      "funding": {
        "type": "github",
        "url": "https://github.com/sponsors/tannerlinsley"
      },
      "peerDependencies": {
        "react": "^16.8.0 || ^17.0.0 || ^18.0.0 || ^19.0.0",
        "react-dom": "^16.8.0 || ^17.0.0 || ^18.0.0 || ^19.0.0"
      }
    },
    "node_modules/@tanstack/router-core": {
      "version": "1.169.5",
      "resolved": "https://registry.npmjs.org/@tanstack/router-core/-/router-core-1.169.5.tgz",
      "integrity": "sha512-tBXJrU4rDl+UsfTvP/WM1pcQ+fXk4rb2uuK/FMw29JNHEkFdEbptA0yvk8vkNjooTF7DAiTUrZMf2H4X7eGt4g==",
      "license": "MIT",
      "dependencies": {
        "@tanstack/history": "1.162.3",
        "cookie-es": "^3.0.0",
        "seroval": "^1.6.2",
        "seroval-plugins": "^1.6.2"
      },
      "engines": {
        "node": ">=20.19"
      },
      "funding": {
        "type": "github",
        "url": "https://github.com/sponsors/tannerlinsley"
      }
    },
    "node_modules/@tanstack/store": {
      "version": "0.11.1",
      "resolved": "https://registry.npmjs.org/@tanstack/store/-/store-0.11.1.tgz",
      "integrity": "sha512-mzTOBhypOuDJAy/D8n2MfUZ1HFkXnmSETviRyhqEC8LUE7/IZQExOTxMANj3KjTofYTkFNpBY67qaVrT41YccA==",
      "license": "MIT",
      "funding": {
        "type": "github",
        "url": "https://github.com/sponsors/tannerlinsley"
      }
    },
    "node_modules/cookie-es": {
      "version": "3.1.1",
      "resolved": "https://registry.npmjs.org/cookie-es/-/cookie-es-3.1.1.tgz",
      "integrity": "sha512-UaXxwISYJPTr9hwQxMFYZ7kNhSXboMXP+Z3TRX6f1/NyaGPfuNUZOWP1pUEb75B2HjfklIYLVRfWiFZJyC6Npg==",
      "license": "MIT"
    },
    "node_modules/isbot": {
      "version": "5.2.2",
      "resolved": "https://registry.npmjs.org/isbot/-/isbot-5.2.2.tgz",
      "integrity": "sha512-iQcBXcd+Rv/pkubRyGh2utW2j1oPG5hZY6TUhVPpqK4G+o3IbxpJNx04hgksjc/N7GK5pEorUxDeg31cFgEk/w==",
      "license": "Unlicense",
      "engines": {
        "node": ">=18"
      }
    },
    "node_modules/react": {
      "version": "19.3.0",
      "resolved": "https://registry.npmjs.org/react/-/react-19.3.0.tgz",
      "integrity": "sha512-E8LUcbtBWt20bbl2YoHfx4ZDBdxVTfOKtCZn9cDSJ4l6/nuoApcpIBcj47t2wZoVX8g2ZHuMHbiShgCR1T5Sog==",
      "license": "MIT",
      "peer": true,
      "engines": {
        "node": ">=0.10.0"
      }
    },
    "node_modules/react-dom": {
      "version": "19.3.0",
      "resolved": "https://registry.npmjs.org/react-dom/-/react-dom-19.3.0.tgz",
      "integrity": "sha512-JDk8dgif51OjFoDE70+OT9ICyYr+69HlmihNwp1+Nsfbna3t5sIiCa9ZJktDmQ4/1b/rn26hIAR2uYXDMr5r0Q==",
      "license": "MIT",
      "peer": true,
      "dependencies": {
        "scheduler": "^0.28.0"
      },
      "peerDependencies": {
        "react": "^19.3.0"
      }
    },
    "node_modules/scheduler": {
      "version": "0.28.0",
      "resolved": "https://registry.npmjs.org/scheduler/-/scheduler-0.28.0.tgz",
      "integrity": "sha512-juorfCmIkIw8tT+p5BXSm6PJjQF/ycEYmKyzURCIt/RaZIhL+PulbQ9Yu2z1HdOJDdqDTlxA1+xKBmHXJsczAw==",
      "license": "MIT",
      "peer": true
    },
    "node_modules/seroval": {
      "version": "1.6.7",
      "resolved": "https://registry.npmjs.org/seroval/-/seroval-1.6.7.tgz",
      "integrity": "sha512-AeDcLh0yO2SFm9W71essgnSzLV9DI8ZH0x0knXn2DMnUZj728mpLbxjlbB6IqKCmqh8JA3cEqRyGoNkt584JcQ==",
      "license": "MIT",
      "engines": {
        "node": ">=10"
      }
    },
    "node_modules/seroval-plugins": {
      "version": "1.6.7",
      "resolved": "https://registry.npmjs.org/seroval-plugins/-/seroval-plugins-1.6.7.tgz",
      "integrity": "sha512-4Nk35ttD3DTDJW4hgw5StsVAPeU6qnDFnULAouw6tQ7oLTV/ICXrWpsXo2EE52eSP2joUMazbVf52mFEcADqRw==",
      "license": "MIT",
      "engines": {
        "node": ">=10"
      },
      "peerDependencies": {
        "seroval": "^1.0"
      }
    },
    "node_modules/use-sync-external-store": {
      "version": "1.7.0",
      "resolved": "https://registry.npmjs.org/use-sync-external-store/-/use-sync-external-store-1.7.0.tgz",
      "integrity": "sha512-6L+EeigHMQhdaIPNIFUKwfWJSwWFQ8gJbJ2DLOs5sDIegTwR9fRxvnM3uciHKjIZhFz+KAv2emhWMRvDmMcY8A==",
      "license": "MIT",
      "peerDependencies": {
        "react": "^16.8.0 || ^17.0.0 || ^18.0.0 || ^19.0.0"
      }
    }
  }
}
